// !$*UTF8*$!
{
	archiveVersion = 1;
	classes = {
	};
	objectVersion = 46;
	objects = {

/* Begin PBXBuildFile section */
		2823FD1D1A2D11D000F436A3 /* AppDelegate.swift in Sources */ = {isa = PBXBuildFile; fileRef = 2823FD1C1A2D11D000F436A3 /* AppDelegate.swift */; };
		2823FD1F1A2D11D000F436A3 /* ViewController.swift in Sources */ = {isa = PBXBuildFile; fileRef = 2823FD1E1A2D11D000F436A3 /* ViewController.swift */; };
		2823FD221A2D11D000F436A3 /* Main.storyboard in Resources */ = {isa = PBXBuildFile; fileRef = 2823FD201A2D11D000F436A3 /* Main.storyboard */; };
		2823FD241A2D11D000F436A3 /* Images.xcassets in Resources */ = {isa = PBXBuildFile; fileRef = 2823FD231A2D11D000F436A3 /* Images.xcassets */; };
		2823FD271A2D11D000F436A3 /* LaunchScreen.xib in Resources */ = {isa = PBXBuildFile; fileRef = 2823FD251A2D11D000F436A3 /* LaunchScreen.xib */; };
		2823FD331A2D11D000F436A3 /* _9BalloonsTests.swift in Sources */ = {isa = PBXBuildFile; fileRef = 2823FD321A2D11D000F436A3 /* _9BalloonsTests.swift */; };
/* End PBXBuildFile section */

/* Begin PBXContainerItemProxy section */
		2823FD2D1A2D11D000F436A3 /* PBXContainerItemProxy */ = {
			isa = PBXContainerItemProxy;
			containerPortal = 2823FD0F1A2D11D000F436A3 /* Project object */;
			proxyType = 1;
			remoteGlobalIDString = 2823FD161A2D11D000F436A3;
			remoteInfo = 99Balloons;
		};
/* End PBXContainerItemProxy section */

/* Begin PBXFileReference section */
		2823FD171A2D11D000F436A3 /* 99Balloons.app */ = {isa = PBXFileReference; explicitFileType = wrapper.application; includeInIndex = 0; path = 99Balloons.app; sourceTree = BUILT_PRODUCTS_DIR; };
		2823FD1B1A2D11D000F436A3 /* Info.plist */ = {isa = PBXFileReference; lastKnownFileType = text.plist.xml; path = Info.plist; sourceTree = "<group>"; };
		2823FD1C1A2D11D000F436A3 /* AppDelegate.swift */ = {isa = PBXFileReference; lastKnownFileType = sourcecode.swift; path = AppDelegate.swift; sourceTree = "<group>"; };
		2823FD1E1A2D11D000F436A3 /* ViewController.swift */ = {isa = PBXFileReference; lastKnownFileType = sourcecode.swift; path = ViewController.swift; sourceTree = "<group>"; };
		2823FD211A2D11D000F436A3 /* Base */ = {isa = PBXFileReference; lastKnownFileType = file.storyboard; name = Base; path = Base.lproj/Main.storyboard; sourceTree = "<group>"; };
		2823FD231A2D11D000F436A3 /* Images.xcassets */ = {isa = PBXFileReference; lastKnownFileType = folder.assetcatalog; path = Images.xcassets; sourceTree = "<group>"; };
		2823FD261A2D11D000F436A3 /* Base */ = {isa = PBXFileReference; lastKnownFileType = file.xib; name = Base; path = Base.lproj/LaunchScreen.xib; sourceTree = "<group>"; };
		2823FD2C1A2D11D000F436A3 /* 99BalloonsTests.xctest */ = {isa = PBXFileReference; explicitFileType = wrapper.cfbundle; includeInIndex = 0; path = 99BalloonsTests.xctest; sourceTree = BUILT_PRODUCTS_DIR; };
		2823FD311A2D11D000F436A3 /* Info.plist */ = {isa = PBXFileReference; lastKnownFileType = text.plist.xml; path = Info.plist; sourceTree = "<group>"; };
		2823FD321A2D11D000F436A3 /* _9BalloonsTests.swift */ = {isa = PBXFileReference; lastKnownFileType = sourcecode.swift; path = _9BalloonsTests.swift; sourceTree = "<group>"; };
/* End PBXFileReference section */

/* Begin PBXFrameworksBuildPhase section */
		2823FD141A2D11D000F436A3 /* Frameworks */ = {
			isa = PBXFrameworksBuildPhase;
			buildActionMask = 2147483647;
			files = (
			);
			runOnlyForDeploymentPostprocessing = 0;
		};
		2823FD291A2D11D000F436A3 /* Frameworks */ = {
			isa = PBXFrameworksBuildPhase;
			buildActionMask = 2147483647;
			files = (
			);
			runOnlyForDeploymentPostprocessing = 0;
		};
/* End PBXFrameworksBuildPhase section */

/* Begin PBXGroup section */
		2823FD0E1A2D11D000F436A3 = {
			isa = PBXGroup;
			children = (
				2823FD191A2D11D000F436A3 /* 99Balloons */,
				2823FD2F1A2D11D000F436A3 /* 99BalloonsTests */,
				2823FD181A2D11D000F436A3 /* Products */,
			);
			sourceTree = "<group>";
		};
		2823FD181A2D11D000F436A3 /* Products */ = {
			isa = PBXGroup;
			children = (
				2823FD171A2D11D000F436A3 /* 99Balloons.app */,
				2823FD2C1A2D11D000F436A3 /* 99BalloonsTests.xctest */,
			);
			name = Products;
			sourceTree = "<group>";
		};
		2823FD191A2D11D000F436A3 /* 99Balloons */ = {
			isa = PBXGroup;
			children = (
				2823FD1C1A2D11D000F436A3 /* AppDelegate.swift */,
				2823FD1E1A2D11D000F436A3 /* ViewController.swift */,
				2823FD201A2D11D000F436A3 /* Main.storyboard */,
				2823FD231A2D11D000F436A3 /* Images.xcassets */,
				2823FD251A2D11D000F436A3 /* LaunchScreen.xib */,
				2823FD1A1A2D11D000F436A3 /* Supporting Files */,
			);
			path = 99Balloons;
			sourceTree = "<group>";
		};
		2823FD1A1A2D11D000F436A3 /* Supporting Files */ = {
			isa = PBXGroup;
			children = (
				2823FD1B1A2D11D000F436A3 /* Info.plist */,
			);
			name = "Supporting Files";
			sourceTree = "<group>";
		};
		2823FD2F1A2D11D000F436A3 /* 99BalloonsTests */ = {
			isa = PBXGroup;
			children = (
				2823FD321A2D11D000F436A3 /* _9BalloonsTests.swift */,
				2823FD301A2D11D000F436A3 /* Supporting Files */,
			);
			path = 99BalloonsTests;
			sourceTree = "<group>";
		};
		2823FD301A2D11D000F436A3 /* Supporting Files */ = {
			isa = PBXGroup;
			children = (
				2823FD311A2D11D000F436A3 /* Info.plist */,
			);
			name = "Supporting Files";
			sourceTree = "<group>";
		};
/* End PBXGroup section */

/* Begin PBXNativeTarget section */
		2823FD161A2D11D000F436A3 /* 99Balloons */ = {
			isa = PBXNativeTarget;
			buildConfigurationList = 2823FD361A2D11D000F436A3 /* Build configuration list for PBXNativeTarget "99Balloons" */;
			buildPhases = (
				2823FD131A2D11D000F436A3 /* Sources */,
				2823FD141A2D11D000F436A3 /* Frameworks */,
				2823FD151A2D11D000F436A3 /* Resources */,
			);
			buildRules = (
			);
			dependencies = (
			);
			name = 99Balloons;
			productName = 99Balloons;
			productReference = 2823FD171A2D11D000F436A3 /* 99Balloons.app */;
			productType = "com.apple.product-type.application";
		};
		2823FD2B1A2D11D000F436A3 /* 99BalloonsTests */ = {
			isa = PBXNativeTarget;
			buildConfigurationList = 2823FD391A2D11D000F436A3 /* Build configuration list for PBXNativeTarget "99BalloonsTests" */;
			buildPhases = (
				2823FD281A2D11D000F436A3 /* Sources */,
				2823FD291A2D11D000F436A3 /* Frameworks */,
				2823FD2A1A2D11D000F436A3 /* Resources */,
			);
			buildRules = (
			);
			dependencies = (
				2823FD2E1A2D11D000F436A3 /* PBXTargetDependency */,
			);
			name = 99BalloonsTests;
			productName = 99BalloonsTests;
			productReference = 2823FD2C1A2D11D000F436A3 /* 99BalloonsTests.xctest */;
			productType = "com.apple.product-type.bundle.unit-test";
		};
/* End PBXNativeTarget section */

/* Begin PBXProject section */
		2823FD0F1A2D11D000F436A3 /* Project object */ = {
			isa = PBXProject;
			attributes = {
				LastUpgradeCheck = 0610;
				ORGANIZATIONNAME = Sid;
				TargetAttributes = {
					2823FD161A2D11D000F436A3 = {
						CreatedOnToolsVersion = 6.1;
					};
					2823FD2B1A2D11D000F436A3 = {
						CreatedOnToolsVersion = 6.1;
						TestTargetID = 2823FD161A2D11D000F436A3;
					};
				};
			};
			buildConfigurationList = 2823FD121A2D11D000F436A3 /* Build configuration list for PBXProject "99Balloons" */;
			compatibilityVersion = "Xcode 3.2";
			developmentRegion = English;
			hasScannedForEncodings = 0;
			knownRegions = (
				en,
				Base,
			);
			mainGroup = 2823FD0E1A2D11D000F436A3;
			productRefGroup = 2823FD181A2D11D000F436A3 /* Products */;
			projectDirPath = "";
			projectRoot = "";
			targets = (
				2823FD161A2D11D000F436A3 /* 99Balloons */,
				2823FD2B1A2D11D000F436A3 /* 99BalloonsTests */,
			);
		};
/* End PBXProject section */

/* Begin PBXResourcesBuildPhase section */
		2823FD151A2D11D000F436A3 /* Resources */ = {
			isa = PBXResourcesBuildPhase;
			buildActionMask = 2147483647;
			files = (
				2823FD221A2D11D000F436A3 /* Main.storyboard in Resources */,
				2823FD271A2D11D000F436A3 /* LaunchScreen.xib in Resources */,
				2823FD241A2D11D000F436A3 /* Images.xcassets in Resources */,
			);
			runOnlyForDeploymentPostprocessing = 0;
		};
		2823FD2A1A2D11D000F436A3 /* Resources */ = {
			isa = PBXResourcesBuildPhase;
			buildActionMask = 2147483647;
			files = (
			);
			runOnlyForDeploymentPostprocessing = 0;
		};
/* End PBXResourcesBuildPhase section */

/* Begin PBXSourcesBuildPhase section */
		2823FD131A2D11D000F436A3 /* Sources */ = {
			isa = PBXSourcesBuildPhase;
			buildActionMask = 2147483647;
			files = (
				2823FD1F1A2D11D000F436A3 /* ViewController.swift in Sources */,
				2823FD1D1A2D11D000F436A3 /* AppDelegate.swift in Sources */,
			);
			runOnlyForDeploymentPostprocessing = 0;
		};
		2823FD281A2D11D000F436A3 /* Sources */ = {
			isa = PBXSourcesBuildPhase;
			buildActionMask = 2147483647;
			files = (
				2823FD331A2D11D000F436A3 /* _9BalloonsTests.swift in Sources */,
			);
			runOnlyForDeploymentPostprocessing = 0;
		};
/* End PBXSourcesBuildPhase section */

/* Begin PBXTargetDependency section */
		2823FD2E1A2D11D000F436A3 /* PBXTargetDependency */ = {
			isa = PBXTargetDependency;
			target = 2823FD161A2D11D000F436A3 /* 99Balloons */;
			targetProxy = 2823FD2D1A2D11D000F436A3 /* PBXContainerItemProxy */;
		};
/* End PBXTargetDependency section */

/* Begin PBXVariantGroup section */
		2823FD201A2D11D000F436A3 /* Main.storyboard */ = {
			isa = PBXVariantGroup;
			children = (
				2823FD211A2D11D000F436A3 /* Base */,
			);
			name = Main.storyboard;
			sourceTree = "<group>";
		};
		2823FD251A2D11D000F436A3 /* LaunchScreen.xib */ = {
			isa = PBXVariantGroup;
			children = (
				2823FD261A2D11D000F436A3 /* Base */,
			);
			name = LaunchScreen.xib;
			sourceTree = "<group>";
		};
/* End PBXVariantGroup section */

/* Begin XCBuildConfiguration section */
		2823FD341A2D11D000F436A3 /* Debug */ = {
			isa = XCBuildConfiguration;
			buildSettings = {
				ALWAYS_SEARCH_USER_PATHS = NO;
				CLANG_CXX_LANGUAGE_STANDARD = "gnu++0x";
				CLANG_CXX_LIBRARY = "libc++";
				CLANG_ENABLE_MODULES = YES;
				CLANG_ENABLE_OBJC_ARC = YES;
				CLANG_WARN_BOOL_CONVERSION = YES;
				CLANG_WARN_CONSTANT_CONVERSION = YES;
				CLANG_WARN_DIRECT_OBJC_ISA_USAGE = YES_ERROR;
				CLANG_WARN_EMPTY_BODY = YES;
				CLANG_WARN_ENUM_CONVERSION = YES;
				CLANG_WARN_INT_CONVERSION = YES;
				CLANG_WARN_OBJC_ROOT_CLASS = YES_ERROR;
				CLANG_WARN_UNREACHABLE_CODE = YES;
				CLANG_WARN__DUPLICATE_METHOD_MATCH = YES;
				"CODE_SIGN_IDENTITY[sdk=iphoneos*]" = "iPhone Developer";
				COPY_PHASE_STRIP = NO;
				ENABLE_STRICT_OBJC_MSGSEND = YES;
				GCC_C_LANGUAGE_STANDARD = gnu99;
				GCC_DYNAMIC_NO_PIC = NO;
				GCC_OPTIMIZATION_LEVEL = 0;
				GCC_PREPROCESSOR_DEFINITIONS = (
					"DEBUG=1",
					"$(inherited)",
				);
				GCC_SYMBOLS_PRIVATE_EXTERN = NO;
				GCC_WARN_64_TO_32_BIT_CONVERSION = YES;
				GCC_WARN_ABOUT_RETURN_TYPE = YES_ERROR;
				GCC_WARN_UNDECLARED_SELECTOR = YES;
				GCC_WARN_UNINITIALIZED_AUTOS = YES_AGGRESSIVE;
				GCC_WARN_UNUSED_FUNCTION = YES;
				GCC_WARN_UNUSED_VARIABLE = YES;
				IPHONEOS_DEPLOYMENT_TARGET = 8.1;
				MTL_ENABLE_DEBUG_INFO = YES;
				ONLY_ACTIVE_ARCH = YES;
				SDKROOT = iphoneos;
				SWIFT_OPTIMIZATION_LEVEL = "-Onone";
				TARGETED_DEVICE_FAMILY = "1,2";
			};
			name = Debug;
		};
		2823FD351A2D11D000F436A3 /* Release */ = {
			isa = XCBuildConfiguration;
			buildSettings = {
				ALWAYS_SEARCH_USER_PATHS = NO;
				CLANG_CXX_LANGUAGE_STANDARD = "gnu++0x";
				CLANG_CXX_LIBRARY = "libc++";
				CLANG_ENABLE_MODULES = YES;
				CLANG_ENABLE_OBJC_ARC = YES;
				CLANG_WARN_BOOL_CONVERSION = YES;
				CLANG_WARN_CONSTANT_CONVERSION = YES;
				CLANG_WARN_DIRECT_OBJC_ISA_USAGE = YES_ERROR;
				CLANG_WARN_EMPTY_BODY = YES;
				CLANG_WARN_ENUM_CONVERSION = YES;
				CLANG_WARN_INT_CONVERSION = YES;
				CLANG_WARN_OBJC_ROOT_CLASS = YES_ERROR;
				CLANG_WARN_UNREACHABLE_CODE = YES;
				CLANG_WARN__DUPLICATE_METHOD_MATCH = YES;
				"CODE_SIGN_IDENTITY[sdk=iphoneos*]" = "iPhone Developer";
				COPY_PHASE_STRIP = YES;
				ENABLE_NS_ASSERTIONS = NO;
				ENABLE_STRICT_OBJC_MSGSEND = YES;
				GCC_C_LANGUAGE_STANDARD = gnu99;
				GCC_WARN_64_TO_32_BIT_CONVERSION = YES;
				GCC_WARN_ABOUT_RETURN_TYPE = YES_ERROR;
				GCC_WARN_UNDECLARED_SELECTOR = YES;
				GCC_WARN_UNINITIALIZED_AUTOS = YES_AGGRESSIVE;
				GCC_WARN_UNUSED_FUNCTION = YES;
				GCC_WARN_UNUSED_VARIABLE = YES;
				IPHONEOS_DEPLOYMENT_TARGET = 8.1;
				MTL_ENABLE_DEBUG_INFO = NO;
				SDKROOT = iphoneos;
				TARGETED_DEVICE_FAMILY = "1,2";
				VALIDATE_PRODUCT = YES;
			};
			name = Release;
		};
		2823FD371A2D11D000F436A3 /* Debug */ = {
			isa = XCBuildConfiguration;
			buildSettings = {
				ASSETCATALOG_COMPILER_APPICON_NAME = AppIcon;
				INFOPLIST_FILE = 99Balloons/Info.plist;
				LD_RUNPATH_SEARCH_PATHS = "$(inherited) @executable_path/Frameworks";
				PRODUCT_NAME = "$(TARGET_NAME)";
			};
			name = Debug;
		};
		2823FD381A2D11D000F436A3 /* Release */ = {
			isa = XCBuildConfiguration;
			buildSettings = {
				ASSETCATALOG_COMPILER_APPICON_NAME = AppIcon;
				INFOPLIST_FILE = 99Balloons/Info.plist;
				LD_RUNPATH_SEARCH_PATHS = "$(inherited) @executable_path/Frameworks";
				PRODUCT_NAME = "$(TARGET_NAME)";
			};
			name = Release;
		};
		2823FD3A1A2D11D000F436A3 /* Debug */ = {
			isa = XCBuildConfiguration;
			buildSettings = {
				BUNDLE_LOADER = "$(TEST_HOST)";
				FRAMEWORK_SEARCH_PATHS = (
					"$(SDKROOT)/Developer/Library/Frameworks",
					"$(inherited)",
				);
				GCC_PREPROCESSOR_DEFINITIONS = (
					"DEBUG=1",
					"$(inherited)",
				);
				INFOPLIST_FILE = 99BalloonsTests/Info.plist;
				LD_RUNPATH_SEARCH_PATHS = "$(inherited) @executable_path/Frameworks @loader_path/Frameworks";
				PRODUCT_NAME = "$(TARGET_NAME)";
				TEST_HOST = "$(BUILT_PRODUCTS_DIR)/99Balloons.app/99Balloons";
			};
			name = Debug;
		};
		2823FD3B1A2D11D000F436A3 /* Release */ = {
			isa = XCBuildConfiguration;
			buildSettings = {
				BUNDLE_LOADER = "$(TEST_HOST)";
				FRAMEWORK_SEARCH_PATHS = (
					"$(SDKROOT)/Developer/Library/Frameworks",
					"$(inherited)",
				);
				INFOPLIST_FILE = 99BalloonsTests/Info.plist;
				LD_RUNPATH_SEARCH_PATHS = "$(inherited) @executable_path/Frameworks @loader_path/Frameworks";
				PRODUCT_NAME = "$(TARGET_NAME)";
				TEST_HOST = "$(BUILT_PRODUCTS_DIR)/99Balloons.app/99Balloons";
			};
			name = Release;
		};
/* End XCBuildConfiguration section */

/* Begin XCConfigurationList section */
		2823FD121A2D11D000F436A3 /* Build configuration list for PBXProject "99Balloons" */ = {
			isa = XCConfigurationList;
			buildConfigurations = (
				2823FD341A2D11D000F436A3 /* Debug */,
				2823FD351A2D11D000F436A3 /* Release */,
			);
			defaultConfigurationIsVisible = 0;
			defaultConfigurationName = Release;
		};
		2823FD361A2D11D000F436A3 /* Build configuration list for PBXNativeTarget "99Balloons" */ = {
			isa = XCConfigurationList;
			buildConfigurations = (
				2823FD371A2D11D000F436A3 /* Debug */,
				2823FD381A2D11D000F436A3 /* Release */,
			);
			defaultConfigurationIsVisible = 0;
		};
		2823FD391A2D11D000F436A3 /* Build configuration list for PBXNativeTarget "99BalloonsTests" */ = {
			isa = XCConfigurationList;
			buildConfigurations = (
				2823FD3A1A2D11D000F436A3 /* Debug */,
				2823FD3B1A2D11D000F436A3 /* Release */,
			);
			defaultConfigurationIsVisible = 0;
		};
/* End XCConfigurationList section */
	};
	rootObject = 2823FD0F1A2D11D000F436A3 /* Project object */;
}
